// !$*UTF8*$!
{
	archiveVersion = 1;
	classes = {
	};
	objectVersion = 56;
	objects = {

/* Begin PBXBuildFile section */
		B85053E62A1A57BC00F2CFD7 /* NoItemsView.swift in Sources */ = {isa = PBXBuildFile; fileRef = B85053E52A1A57BC00F2CFD7 /* NoItemsView.swift */; };
		B88DFFD52A15B8A800EF229C /* TodoListApp.swift in Sources */ = {isa = PBXBuildFile; fileRef = B88DFFD42A15B8A800EF229C /* TodoListApp.swift */; };
		B88DFFD92A15B8AD00EF229C /* Assets.xcassets in Resources */ = {isa = PBXBuildFile; fileRef = B88DFFD82A15B8AD00EF229C /* Assets.xcassets */; };
		B88DFFDC2A15B8AD00EF229C /* Preview Assets.xcassets in Resources */ = {isa = PBXBuildFile; fileRef = B88DFFDB2A15B8AD00EF229C /* Preview Assets.xcassets */; };
		B88F4F522A172888005FE5D3 /* ListRowView.swift in Sources */ = {isa = PBXBuildFile; fileRef = B88F4F512A172888005FE5D3 /* ListRowView.swift */; };
		B88F4F562A17388D005FE5D3 /* AddView.swift in Sources */ = {isa = PBXBuildFile; fileRef = B88F4F552A17388D005FE5D3 /* AddView.swift */; };
		B88F4F5C2A174D93005FE5D3 /* ItemModel.swift in Sources */ = {isa = PBXBuildFile; fileRef = B88F4F5B2A174D93005FE5D3 /* ItemModel.swift */; };
		B88F4F602A175912005FE5D3 /* ListViewModel.swift in Sources */ = {isa = PBXBuildFile; fileRef = B88F4F5F2A175912005FE5D3 /* ListViewModel.swift */; };
		B88FD7B62A15EB3000B04D18 /* ListView.swift in Sources */ = {isa = PBXBuildFile; fileRef = B88FD7B52A15EB3000B04D18 /* ListView.swift */; };
/* End PBXBuildFile section */

/* Begin PBXFileReference section */
		B85053E52A1A57BC00F2CFD7 /* NoItemsView.swift */ = {isa = PBXFileReference; lastKnownFileType = sourcecode.swift; path = NoItemsView.swift; sourceTree = "<group>"; };
		B88DFFD12A15B8A800EF229C /* TodoList.app */ = {isa = PBXFileReference; explicitFileType = wrapper.application; includeInIndex = 0; path = TodoList.app; sourceTree = BUILT_PRODUCTS_DIR; };
		B88DFFD42A15B8A800EF229C /* TodoListApp.swift */ = {isa = PBXFileReference; lastKnownFileType = sourcecode.swift; path = TodoListApp.swift; sourceTree = "<group>"; };
		B88DFFD82A15B8AD00EF229C /* Assets.xcassets */ = {isa = PBXFileReference; lastKnownFileType = folder.assetcatalog; path = Assets.xcassets; sourceTree = "<group>"; };
		B88DFFDB2A15B8AD00EF229C /* Preview Assets.xcassets */ = {isa = PBXFileReference; lastKnownFileType = folder.assetcatalog; path = "Preview Assets.xcassets"; sourceTree = "<group>"; };
		B88F4F512A172888005FE5D3 /* ListRowView.swift */ = {isa = PBXFileReference; lastKnownFileType = sourcecode.swift; path = ListRowView.swift; sourceTree = "<group>"; };
		B88F4F552A17388D005FE5D3 /* AddView.swift */ = {isa = PBXFileReference; lastKnownFileType = sourcecode.swift; path = AddView.swift; sourceTree = "<group>"; };
		B88F4F5B2A174D93005FE5D3 /* ItemModel.swift */ = {isa = PBXFileReference; lastKnownFileType = sourcecode.swift; path = ItemModel.swift; sourceTree = "<group>"; };
		B88F4F5F2A175912005FE5D3 /* ListViewModel.swift */ = {isa = PBXFileReference; lastKnownFileType = sourcecode.swift; path = ListViewModel.swift; sourceTree = "<group>"; };
		B88FD7B52A15EB3000B04D18 /* ListView.swift */ = {isa = PBXFileReference; lastKnownFileType = sourcecode.swift; path = ListView.swift; sourceTree = "<group>"; };
/* End PBXFileReference section */

/* Begin PBXFrameworksBuildPhase section */
		B88DFFCE2A15B8A800EF229C /* Frameworks */ = {
			isa = PBXFrameworksBuildPhase;
			buildActionMask = 2147483647;
			files = (
			);
			runOnlyForDeploymentPostprocessing = 0;
		};
/* End PBXFrameworksBuildPhase section */

/* Begin PBXGroup section */
		B88DFFC82A15B8A800EF229C = {
			isa = PBXGroup;
			children = (
				B88DFFD32A15B8A800EF229C /* TodoList */,
				B88DFFD22A15B8A800EF229C /* Products */,
			);
			sourceTree = "<group>";
		};
		B88DFFD22A15B8A800EF229C /* Products */ = {
			isa = PBXGroup;
			children = (
				B88DFFD12A15B8A800EF229C /* TodoList.app */,
			);
			name = Products;
			sourceTree = "<group>";
		};
		B88DFFD32A15B8A800EF229C /* TodoList */ = {
			isa = PBXGroup;
			children = (
				B88DFFD42A15B8A800EF229C /* TodoListApp.swift */,
				B88F4F5A2A174D5F005FE5D3 /* Models */,
				B88F4F5E2A1758A0005FE5D3 /* ViewModels */,
				B88FD7B22A15DB9300B04D18 /* Views  */,
				B88DFFD82A15B8AD00EF229C /* Assets.xcassets */,
				B88DFFDA2A15B8AD00EF229C /* Preview Content */,
			);
			path = TodoList;
			sourceTree = "<group>";
		};
		B88DFFDA2A15B8AD00EF229C /* Preview Content */ = {
			isa = PBXGroup;
			children = (
				B88DFFDB2A15B8AD00EF229C /* Preview Assets.xcassets */,
			);
			path = "Preview Content";
			sourceTree = "<group>";
		};
		B88F4F5A2A174D5F005FE5D3 /* Models */ = {
			isa = PBXGroup;
			children = (
				B88F4F5B2A174D93005FE5D3 /* ItemModel.swift */,
			);
			path = Models;
			sourceTree = "<group>";
		};
		B88F4F5E2A1758A0005FE5D3 /* ViewModels */ = {
			isa = PBXGroup;
			children = (
				B88F4F5F2A175912005FE5D3 /* ListViewModel.swift */,
			);
			path = ViewModels;
			sourceTree = "<group>";
		};
		B88FD7B22A15DB9300B04D18 /* Views  */ = {
			isa = PBXGroup;
			children = (
				B88FD7B52A15EB3000B04D18 /* ListView.swift */,
				B88F4F512A172888005FE5D3 /* ListRowView.swift */,
				B88F4F552A17388D005FE5D3 /* AddView.swift */,
				B85053E52A1A57BC00F2CFD7 /* NoItemsView.swift */,
			);
			path = "Views ";
			sourceTree = "<group>";
		};
/* End PBXGroup section */

/* Begin PBXNativeTarget section */
		B88DFFD02A15B8A800EF229C /* TodoList */ = {
			isa = PBXNativeTarget;
			buildConfigurationList = B88DFFDF2A15B8AD00EF229C /* Build configuration list for PBXNativeTarget "TodoList" */;
			buildPhases = (
				B88DFFCD2A15B8A800EF229C /* Sources */,
				B88DFFCE2A15B8A800EF229C /* Frameworks */,
				B88DFFCF2A15B8A800EF229C /* Resources */,
			);
			buildRules = (
			);
			dependencies = (
			);
			name = TodoList;
			productName = TodoList;
			productReference = B88DFFD12A15B8A800EF229C /* TodoList.app */;
			productType = "com.apple.product-type.application";
		};
/* End PBXNativeTarget section */

/* Begin PBXProject section */
		B88DFFC92A15B8A800EF229C /* Project object */ = {
			isa = PBXProject;
			attributes = {
				BuildIndependentTargetsInParallel = 1;
				LastSwiftUpdateCheck = 1430;
				LastUpgradeCheck = 1430;
				TargetAttributes = {
					B88DFFD02A15B8A800EF229C = {
						CreatedOnToolsVersion = 14.3;
					};
				};
			};
			buildConfigurationList = B88DFFCC2A15B8A800EF229C /* Build configuration list for PBXProject "TodoList" */;
			compatibilityVersion = "Xcode 14.0";
			developmentRegion = en;
			hasScannedForEncodings = 0;
			knownRegions = (
				en,
				Base,
			);
			mainGroup = B88DFFC82A15B8A800EF229C;
			productRefGroup = B88DFFD22A15B8A800EF229C /* Products */;
			projectDirPath = "";
			projectRoot = "";
			targets = (
				B88DFFD02A15B8A800EF229C /* TodoList */,
			);
		};
/* End PBXProject section */

/* Begin PBXResourcesBuildPhase section */
		B88DFFCF2A15B8A800EF229C /* Resources */ = {
			isa = PBXResourcesBuildPhase;
			buildActionMask = 2147483647;
			files = (
				B88DFFDC2A15B8AD00EF229C /* Preview Assets.xcassets in Resources */,
				B88DFFD92A15B8AD00EF229C /* Assets.xcassets in Resources */,
			);
			runOnlyForDeploymentPostprocessing = 0;
		};
/* End PBXResourcesBuildPhase section */

/* Begin PBXSourcesBuildPhase section */
		B88DFFCD2A15B8A800EF229C /* Sources */ = {
			isa = PBXSourcesBuildPhase;
			buildActionMask = 2147483647;
			files = (
				B88F4F5C2A174D93005FE5D3 /* ItemModel.swift in Sources */,
				B88F4F562A17388D005FE5D3 /* AddView.swift in Sources */,
				B88F4F602A175912005FE5D3 /* ListViewModel.swift in Sources */,
				B88DFFD52A15B8A800EF229C /* TodoListApp.swift in Sources */,
				B88FD7B62A15EB3000B04D18 /* ListView.swift in Sources */,
				B85053E62A1A57BC00F2CFD7 /* NoItemsView.swift in Sources */,
				B88F4F522A172888005FE5D3 /* ListRowView.swift in Sources */,
			);
			runOnlyForDeploymentPostprocessing = 0;
		};
/* End PBXSourcesBuildPhase section */

/* Begin XCBuildConfiguration section */
		B88DFFDD2A15B8AD00EF229C /* Debug */ = {
			isa = XCBuildConfiguration;
			buildSettings = {
				ALWAYS_SEARCH_USER_PATHS = NO;
				CLANG_ANALYZER_NONNULL = YES;
				CLANG_ANALYZER_NUMBER_OBJECT_CONVERSION = YES_AGGRESSIVE;
				CLANG_CXX_LANGUAGE_STANDARD = "gnu++20";
				CLANG_ENABLE_MODULES = YES;
				CLANG_ENABLE_OBJC_ARC = YES;
				CLANG_ENABLE_OBJC_WEAK = YES;
				CLANG_WARN_BLOCK_CAPTURE_AUTORELEASING = YES;
				CLANG_WARN_BOOL_CONVERSION = YES;
				CLANG_WARN_COMMA = YES;
				CLANG_WARN_CONSTANT_CONVERSION = YES;
				CLANG_WARN_DEPRECATED_OBJC_IMPLEMENTATIONS = YES;
				CLANG_WARN_DIRECT_OBJC_ISA_USAGE = YES_ERROR;
				CLANG_WARN_DOCUMENTATION_COMMENTS = YES;
				CLANG_WARN_EMPTY_BODY = YES;
				CLANG_WARN_ENUM_CONVERSION = YES;
				CLANG_WARN_INFINITE_RECURSION = YES;
				CLANG_WARN_INT_CONVERSION = YES;
				CLANG_WARN_NON_LITERAL_NULL_CONVERSION = YES;
				CLANG_WARN_OBJC_IMPLICIT_RETAIN_SELF = YES;
				CLANG_WARN_OBJC_LITERAL_CONVERSION = YES;
				CLANG_WARN_OBJC_ROOT_CLASS = YES_ERROR;
				CLANG_WARN_QUOTED_INCLUDE_IN_FRAMEWORK_HEADER = YES;
				CLANG_WARN_RANGE_LOOP_ANALYSIS = YES;
				CLANG_WARN_STRICT_PROTOTYPES = YES;
				CLANG_WARN_SUSPICIOUS_MOVE = YES;
				CLANG_WARN_UNGUARDED_AVAILABILITY = YES_AGGRESSIVE;
				CLANG_WARN_UNREACHABLE_CODE = YES;
				CLANG_WARN__DUPLICATE_METHOD_MATCH = YES;
				COPY_PHASE_STRIP = NO;
				DEBUG_INFORMATION_FORMAT = dwarf;
				ENABLE_STRICT_OBJC_MSGSEND = YES;
				ENABLE_TESTABILITY = YES;
				GCC_C_LANGUAGE_STANDARD = gnu11;
				GCC_DYNAMIC_NO_PIC = NO;
				GCC_NO_COMMON_BLOCKS = YES;
				GCC_OPTIMIZATION_LEVEL = 0;
				GCC_PREPROCESSOR_DEFINITIONS = (
					"DEBUG=1",
					"$(inherited)",
				);
				GCC_WARN_64_TO_32_BIT_CONVERSION = YES;
				GCC_WARN_ABOUT_RETURN_TYPE = YES_ERROR;
				GCC_WARN_UNDECLARED_SELECTOR = YES;
				GCC_WARN_UNINITIALIZED_AUTOS = YES_AGGRESSIVE;
				GCC_WARN_UNUSED_FUNCTION = YES;
				GCC_WARN_UNUSED_VARIABLE = YES;
				IPHONEOS_DEPLOYMENT_TARGET = 16.4;
				MTL_ENABLE_DEBUG_INFO = INCLUDE_SOURCE;
				MTL_FAST_MATH = YES;
				ONLY_ACTIVE_ARCH = YES;
				SDKROOT = iphoneos;
				SWIFT_ACTIVE_COMPILATION_CONDITIONS = DEBUG;
				SWIFT_OPTIMIZATION_LEVEL = "-Onone";
			};
			name = Debug;
		};
		B88DFFDE2A15B8AD00EF229C /* Release */ = {
			isa = XCBuildConfiguration;
			buildSettings = {
				ALWAYS_SEARCH_USER_PATHS = NO;
				CLANG_ANALYZER_NONNULL = YES;
				CLANG_ANALYZER_NUMBER_OBJECT_CONVERSION = YES_AGGRESSIVE;
				CLANG_CXX_LANGUAGE_STANDARD = "gnu++20";
				CLANG_ENABLE_MODULES = YES;
				CLANG_ENABLE_OBJC_ARC = YES;
				CLANG_ENABLE_OBJC_WEAK = YES;
				CLANG_WARN_BLOCK_CAPTURE_AUTORELEASING = YES;
				CLANG_WARN_BOOL_CONVERSION = YES;
				CLANG_WARN_COMMA = YES;
				CLANG_WARN_CONSTANT_CONVERSION = YES;
				CLANG_WARN_DEPRECATED_OBJC_IMPLEMENTATIONS = YES;
				CLANG_WARN_DIRECT_OBJC_ISA_USAGE = YES_ERROR;
				CLANG_WARN_DOCUMENTATION_COMMENTS = YES;
				CLANG_WARN_EMPTY_BODY = YES;
				CLANG_WARN_ENUM_CONVERSION = YES;
				CLANG_WARN_INFINITE_RECURSION = YES;
				CLANG_WARN_INT_CONVERSION = YES;
				CLANG_WARN_NON_LITERAL_NULL_CONVERSION = YES;
				CLANG_WARN_OBJC_IMPLICIT_RETAIN_SELF = YES;
				CLANG_WARN_OBJC_LITERAL_CONVERSION = YES;
				CLANG_WARN_OBJC_ROOT_CLASS = YES_ERROR;
				CLANG_WARN_QUOTED_INCLUDE_IN_FRAMEWORK_HEADER = YES;
				CLANG_WARN_RANGE_LOOP_ANALYSIS = YES;
				CLANG_WARN_STRICT_PROTOTYPES = YES;
				CLANG_WARN_SUSPICIOUS_MOVE = YES;
				CLANG_WARN_UNGUARDED_AVAILABILITY = YES_AGGRESSIVE;
				CLANG_WARN_UNREACHABLE_CODE = YES;
				CLANG_WARN__DUPLICATE_METHOD_MATCH = YES;
				COPY_PHASE_STRIP = NO;
				DEBUG_INFORMATION_FORMAT = "dwarf-with-dsym";
				ENABLE_NS_ASSERTIONS = NO;
				ENABLE_STRICT_OBJC_MSGSEND = YES;
				GCC_C_LANGUAGE_STANDARD = gnu11;
				GCC_NO_COMMON_BLOCKS = YES;
				GCC_WARN_64_TO_32_BIT_CONVERSION = YES;
				GCC_WARN_ABOUT_RETURN_TYPE = YES_ERROR;
				GCC_WARN_UNDECLARED_SELECTOR = YES;
				GCC_WARN_UNINITIALIZED_AUTOS = YES_AGGRESSIVE;
				GCC_WARN_UNUSED_FUNCTION = YES;
				GCC_WARN_UNUSED_VARIABLE = YES;
				IPHONEOS_DEPLOYMENT_TARGET = 16.4;
				MTL_ENABLE_DEBUG_INFO = NO;
				MTL_FAST_MATH = YES;
				SDKROOT = iphoneos;
				SWIFT_COMPILATION_MODE = wholemodule;
				SWIFT_OPTIMIZATION_LEVEL = "-O";
				VALIDATE_PRODUCT = YES;
			};
			name = Release;
		};
		B88DFFE02A15B8AD00EF229C /* Debug */ = {
			isa = XCBuildConfiguration;
			buildSettings = {
				ASSETCATALOG_COMPILER_APPICON_NAME = AppIcon;
				ASSETCATALOG_COMPILER_GLOBAL_ACCENT_COLOR_NAME = AccentColor;
				CODE_SIGN_STYLE = Automatic;
				CURRENT_PROJECT_VERSION = 1;
				DEVELOPMENT_ASSET_PATHS = "\"TodoList/Preview Content\"";
				ENABLE_PREVIEWS = YES;
				GENERATE_INFOPLIST_FILE = YES;
				INFOPLIST_KEY_UIApplicationSceneManifest_Generation = YES;
				INFOPLIST_KEY_UIApplicationSupportsIndirectInputEvents = YES;
				INFOPLIST_KEY_UILaunchScreen_Generation = YES;
				INFOPLIST_KEY_UISupportedInterfaceOrientations_iPad = "UIInterfaceOrientationPortrait UIInterfaceOrientationPortraitUpsideDown UIInterfaceOrientationLandscapeLeft UIInterfaceOrientationLandscapeRight";
				INFOPLIST_KEY_UISupportedInterfaceOrientations_iPhone = "UIInterfaceOrientationPortrait UIInterfaceOrientationLandscapeLeft UIInterfaceOrientationLandscapeRight";
				LD_RUNPATH_SEARCH_PATHS = (
					"$(inherited)",
					"@executable_path/Frameworks",
				);
				MARKETING_VERSION = 1.0;
				PRODUCT_BUNDLE_IDENTIFIER = com.bita.TodoList;
				PRODUCT_NAME = "$(TARGET_NAME)";
				SWIFT_EMIT_LOC_STRINGS = YES;
				SWIFT_VERSION = 5.0;
				TARGETED_DEVICE_FAMILY = "1,2";
			};
			name = Debug;
		};
		B88DFFE12A15B8AD00EF229C /* Release */ = {
			isa = XCBuildConfiguration;
			buildSettings = {
				ASSETCATALOG_COMPILER_APPICON_NAME = AppIcon;
				ASSETCATALOG_COMPILER_GLOBAL_ACCENT_COLOR_NAME = AccentColor;
				CODE_SIGN_STYLE = Automatic;
				CURRENT_PROJECT_VERSION = 1;
				DEVELOPMENT_ASSET_PATHS = "\"TodoList/Preview Content\"";
				ENABLE_PREVIEWS = YES;
				GENERATE_INFOPLIST_FILE = YES;
				INFOPLIST_KEY_UIApplicationSceneManifest_Generation = YES;
				INFOPLIST_KEY_UIApplicationSupportsIndirectInputEvents = YES;
				INFOPLIST_KEY_UILaunchScreen_Generation = YES;
				INFOPLIST_KEY_UISupportedInterfaceOrientations_iPad = "UIInterfaceOrientationPortrait UIInterfaceOrientationPortraitUpsideDown UIInterfaceOrientationLandscapeLeft UIInterfaceOrientationLandscapeRight";
				INFOPLIST_KEY_UISupportedInterfaceOrientations_iPhone = "UIInterfaceOrientationPortrait UIInterfaceOrientationLandscapeLeft UIInterfaceOrientationLandscapeRight";
				LD_RUNPATH_SEARCH_PATHS = (
					"$(inherited)",
					"@executable_path/Frameworks",
				);
				MARKETING_VERSION = 1.0;
				PRODUCT_BUNDLE_IDENTIFIER = com.bita.TodoList;
				PRODUCT_NAME = "$(TARGET_NAME)";
				SWIFT_EMIT_LOC_STRINGS = YES;
				SWIFT_VERSION = 5.0;
				TARGETED_DEVICE_FAMILY = "1,2";
			};
			name = Release;
		};
/* End XCBuildConfiguration section */

/* Begin XCConfigurationList section */
		B88DFFCC2A15B8A800EF229C /* Build configuration list for PBXProject "TodoList" */ = {
			isa = XCConfigurationList;
			buildConfigurations = (
				B88DFFDD2A15B8AD00EF229C /* Debug */,
				B88DFFDE2A15B8AD00EF229C /* Release */,
			);
			defaultConfigurationIsVisible = 0;
			defaultConfigurationName = Release;
		};
		B88DFFDF2A15B8AD00EF229C /* Build configuration list for PBXNativeTarget "TodoList" */ = {
			isa = XCConfigurationList;
			buildConfigurations = (
				B88DFFE02A15B8AD00EF229C /* Debug */,
				B88DFFE12A15B8AD00EF229C /* Release */,
			);
			defaultConfigurationIsVisible = 0;
			defaultConfigurationName = Release;
		};
/* End XCConfigurationList section */
	};
	rootObject = B88DFFC92A15B8A800EF229C /* Project object */;
}
